
Microsoft Visual Studio Solution File, Format Version 12.00
# Visual Studio Version 17
VisualStudioVersion = 17.8.34322.80
MinimumVisualStudioVersion = 10.0.40219.1
Project("{9A19103F-16F7-4668-BE54-9A1E7A4F7556}") = "Solitaire", "Solitaire\Solitaire.csproj", "{F7E5F7FE-5044-4319-8EF9-1BAC30FE31E6}"
EndProject
Project("{FAE04EC0-301F-11D3-BF4B-00C04F79EFBC}") = "Solitaire.DataAccess", "Solitaire.DataAccess\Solitaire.DataAccess.csproj", "{AE4DBBBF-D7C7-4BF3-8DB7-CC63680FC386}"
EndProject
Project("{FAE04EC0-301F-11D3-BF4B-00C04F79EFBC}") = "Solitaire.Models", "Solitaire.Models\Solitaire.Models.csproj", "{4C27875B-D5F1-4808-AC0E-D890117282D0}"
EndProject
Global
	GlobalSection(SolutionConfigurationPlatforms) = preSolution
		Debug|Any CPU = Debug|Any CPU
		Release|Any CPU = Release|Any CPU
	EndGlobalSection
	GlobalSection(ProjectConfigurationPlatforms) = postSolution
		{F7E5F7FE-5044-4319-8EF9-1BAC30FE31E6}.Debug|Any CPU.ActiveCfg = Debug|Any CPU
		{F7E5F7FE-5044-4319-8EF9-1BAC30FE31E6}.Debug|Any CPU.Build.0 = Debug|Any CPU
		{F7E5F7FE-5044-4319-8EF9-1BAC30FE31E6}.Release|Any CPU.ActiveCfg = Release|Any CPU
		{F7E5F7FE-5044-4319-8EF9-1BAC30FE31E6}.Release|Any CPU.Build.0 = Release|Any CPU
		{AE4DBBBF-D7C7-4BF3-8DB7-CC63680FC386}.Debug|Any CPU.ActiveCfg = Debug|Any CPU
		{AE4DBBBF-D7C7-4BF3-8DB7-CC63680FC386}.Debug|Any CPU.Build.0 = Debug|Any CPU
		{AE4DBBBF-D7C7-4BF3-8DB7-CC63680FC386}.Release|Any CPU.ActiveCfg = Release|Any CPU
		{AE4DBBBF-D7C7-4BF3-8DB7-CC63680FC386}.Release|Any CPU.Build.0 = Release|Any CPU
		{4C27875B-D5F1-4808-AC0E-D890117282D0}.Debug|Any CPU.ActiveCfg = Debug|Any CPU
		{4C27875B-D5F1-4808-AC0E-D890117282D0}.Debug|Any CPU.Build.0 = Debug|Any CPU
		{4C27875B-D5F1-4808-AC0E-D890117282D0}.Release|Any CPU.ActiveCfg = Release|Any CPU
		{4C27875B-D5F1-4808-AC0E-D890117282D0}.Release|Any CPU.Build.0 = Release|Any CPU
	EndGlobalSection
	GlobalSection(SolutionProperties) = preSolution
		HideSolutionNode = FALSE
	EndGlobalSection
	GlobalSection(ExtensibilityGlobals) = postSolution
		SolutionGuid = {BE61368F-53D8-4D96-92F5-73EC06F996AF}
	EndGlobalSection
EndGlobal
